// !$*UTF8*$!
{
	archiveVersion = 1;
	classes = {
	};
	objectVersion = 55;
	objects = {

/* Begin PBXBuildFile section */
		CC9A33DF283257FA003C3AA0 /* AppDelegate.swift in Sources */ = {isa = PBXBuildFile; fileRef = CC9A33DE283257FA003C3AA0 /* AppDelegate.swift */; };
		CC9A33E1283257FA003C3AA0 /* SceneDelegate.swift in Sources */ = {isa = PBXBuildFile; fileRef = CC9A33E0283257FA003C3AA0 /* SceneDelegate.swift */; };
		CC9A33E3283257FA003C3AA0 /* MainViewController.swift in Sources */ = {isa = PBXBuildFile; fileRef = CC9A33E2283257FA003C3AA0 /* MainViewController.swift */; };
		CC9A33E828325801003C3AA0 /* Assets.xcassets in Resources */ = {isa = PBXBuildFile; fileRef = CC9A33E728325801003C3AA0 /* Assets.xcassets */; };
		CCD68AF32832768B006742AF /* MainPresenter.swift in Sources */ = {isa = PBXBuildFile; fileRef = CCD68AF22832768B006742AF /* MainPresenter.swift */; };
		CCD68AF52832769E006742AF /* MainInteractor.swift in Sources */ = {isa = PBXBuildFile; fileRef = CCD68AF42832769E006742AF /* MainInteractor.swift */; };
		CCD68AF7283276B2006742AF /* MainRouter.swift in Sources */ = {isa = PBXBuildFile; fileRef = CCD68AF6283276B2006742AF /* MainRouter.swift */; };
		CCD68AF9283277F7006742AF /* MainConfigurator.swift in Sources */ = {isa = PBXBuildFile; fileRef = CCD68AF8283277F7006742AF /* MainConfigurator.swift */; };
		CCD68AFB2832786A006742AF /* Game.swift in Sources */ = {isa = PBXBuildFile; fileRef = CCD68AFA2832786A006742AF /* Game.swift */; };
		CCD68AFE28328055006742AF /* GameViewController.swift in Sources */ = {isa = PBXBuildFile; fileRef = CCD68AFD28328055006742AF /* GameViewController.swift */; };
		CCD68B0028328070006742AF /* GamePresenter.swift in Sources */ = {isa = PBXBuildFile; fileRef = CCD68AFF28328070006742AF /* GamePresenter.swift */; };
		CCD68B022832807D006742AF /* GameIneteractor.swift in Sources */ = {isa = PBXBuildFile; fileRef = CCD68B012832807D006742AF /* GameIneteractor.swift */; };
		CCD68B042832809F006742AF /* GameConfigurator.swift in Sources */ = {isa = PBXBuildFile; fileRef = CCD68B032832809F006742AF /* GameConfigurator.swift */; };
		CCD68B0928328321006742AF /* StackView + Extensions.swift in Sources */ = {isa = PBXBuildFile; fileRef = CCD68B0828328321006742AF /* StackView + Extensions.swift */; };
		CCD68B0B28328347006742AF /* UIColor + Extensions.swift in Sources */ = {isa = PBXBuildFile; fileRef = CCD68B0A28328347006742AF /* UIColor + Extensions.swift */; };
		CCD68B0D28328369006742AF /* UIFont + Extension.swift in Sources */ = {isa = PBXBuildFile; fileRef = CCD68B0C28328369006742AF /* UIFont + Extension.swift */; };
		CCD68B1028329F25006742AF /* Realm in Frameworks */ = {isa = PBXBuildFile; productRef = CCD68B0F28329F25006742AF /* Realm */; };
		CCD68B1228329F25006742AF /* RealmSwift in Frameworks */ = {isa = PBXBuildFile; productRef = CCD68B1128329F25006742AF /* RealmSwift */; };
		CCD68B142832AF8A006742AF /* StorageManager.swift in Sources */ = {isa = PBXBuildFile; fileRef = CCD68B132832AF8A006742AF /* StorageManager.swift */; };
/* End PBXBuildFile section */

/* Begin PBXFileReference section */
		CC9A33DB283257FA003C3AA0 /* 4ra First.app */ = {isa = PBXFileReference; explicitFileType = wrapper.application; includeInIndex = 0; path = "4ra First.app"; sourceTree = BUILT_PRODUCTS_DIR; };
		CC9A33DE283257FA003C3AA0 /* AppDelegate.swift */ = {isa = PBXFileReference; lastKnownFileType = sourcecode.swift; path = AppDelegate.swift; sourceTree = "<group>"; };
		CC9A33E0283257FA003C3AA0 /* SceneDelegate.swift */ = {isa = PBXFileReference; lastKnownFileType = sourcecode.swift; path = SceneDelegate.swift; sourceTree = "<group>"; };
		CC9A33E2283257FA003C3AA0 /* MainViewController.swift */ = {isa = PBXFileReference; lastKnownFileType = sourcecode.swift; path = MainViewController.swift; sourceTree = "<group>"; };
		CC9A33E728325801003C3AA0 /* Assets.xcassets */ = {isa = PBXFileReference; lastKnownFileType = folder.assetcatalog; path = Assets.xcassets; sourceTree = "<group>"; };
		CC9A33EC28325801003C3AA0 /* Info.plist */ = {isa = PBXFileReference; lastKnownFileType = text.plist.xml; path = Info.plist; sourceTree = "<group>"; };
		CCD68AF22832768B006742AF /* MainPresenter.swift */ = {isa = PBXFileReference; lastKnownFileType = sourcecode.swift; path = MainPresenter.swift; sourceTree = "<group>"; };
		CCD68AF42832769E006742AF /* MainInteractor.swift */ = {isa = PBXFileReference; lastKnownFileType = sourcecode.swift; path = MainInteractor.swift; sourceTree = "<group>"; };
		CCD68AF6283276B2006742AF /* MainRouter.swift */ = {isa = PBXFileReference; lastKnownFileType = sourcecode.swift; path = MainRouter.swift; sourceTree = "<group>"; };
		CCD68AF8283277F7006742AF /* MainConfigurator.swift */ = {isa = PBXFileReference; lastKnownFileType = sourcecode.swift; path = MainConfigurator.swift; sourceTree = "<group>"; };
		CCD68AFA2832786A006742AF /* Game.swift */ = {isa = PBXFileReference; lastKnownFileType = sourcecode.swift; path = Game.swift; sourceTree = "<group>"; };
		CCD68AFD28328055006742AF /* GameViewController.swift */ = {isa = PBXFileReference; lastKnownFileType = sourcecode.swift; path = GameViewController.swift; sourceTree = "<group>"; };
		CCD68AFF28328070006742AF /* GamePresenter.swift */ = {isa = PBXFileReference; lastKnownFileType = sourcecode.swift; path = GamePresenter.swift; sourceTree = "<group>"; };
		CCD68B012832807D006742AF /* GameIneteractor.swift */ = {isa = PBXFileReference; lastKnownFileType = sourcecode.swift; path = GameIneteractor.swift; sourceTree = "<group>"; };
		CCD68B032832809F006742AF /* GameConfigurator.swift */ = {isa = PBXFileReference; lastKnownFileType = sourcecode.swift; path = GameConfigurator.swift; sourceTree = "<group>"; };
		CCD68B0828328321006742AF /* StackView + Extensions.swift */ = {isa = PBXFileReference; lastKnownFileType = sourcecode.swift; path = "StackView + Extensions.swift"; sourceTree = "<group>"; };
		CCD68B0A28328347006742AF /* UIColor + Extensions.swift */ = {isa = PBXFileReference; lastKnownFileType = sourcecode.swift; path = "UIColor + Extensions.swift"; sourceTree = "<group>"; };
		CCD68B0C28328369006742AF /* UIFont + Extension.swift */ = {isa = PBXFileReference; lastKnownFileType = sourcecode.swift; path = "UIFont + Extension.swift"; sourceTree = "<group>"; };
		CCD68B132832AF8A006742AF /* StorageManager.swift */ = {isa = PBXFileReference; lastKnownFileType = sourcecode.swift; path = StorageManager.swift; sourceTree = "<group>"; };
/* End PBXFileReference section */

/* Begin PBXFrameworksBuildPhase section */
		CC9A33D8283257FA003C3AA0 /* Frameworks */ = {
			isa = PBXFrameworksBuildPhase;
			buildActionMask = 2147483647;
			files = (
				CCD68B1228329F25006742AF /* RealmSwift in Frameworks */,
				CCD68B1028329F25006742AF /* Realm in Frameworks */,
			);
			runOnlyForDeploymentPostprocessing = 0;
		};
/* End PBXFrameworksBuildPhase section */

/* Begin PBXGroup section */
		CC9A33D2283257F9003C3AA0 = {
			isa = PBXGroup;
			children = (
				CC9A33DD283257FA003C3AA0 /* 4ra First */,
				CC9A33DC283257FA003C3AA0 /* Products */,
			);
			sourceTree = "<group>";
		};
		CC9A33DC283257FA003C3AA0 /* Products */ = {
			isa = PBXGroup;
			children = (
				CC9A33DB283257FA003C3AA0 /* 4ra First.app */,
			);
			name = Products;
			sourceTree = "<group>";
		};
		CC9A33DD283257FA003C3AA0 /* 4ra First */ = {
			isa = PBXGroup;
			children = (
				CC9A33F228325AB3003C3AA0 /* MainModule */,
				CCD68AFC2832802D006742AF /* GameModule */,
				CCD68AF0283274E0006742AF /* Models */,
				CC9A33F528325BA5003C3AA0 /* Services */,
				CCD68B06283282B7006742AF /* Extensions */,
				CC9A33F328325AC8003C3AA0 /* SupportFiles */,
				CC9A33F428325B5C003C3AA0 /* Resources */,
			);
			path = "4ra First";
			sourceTree = "<group>";
		};
		CC9A33F228325AB3003C3AA0 /* MainModule */ = {
			isa = PBXGroup;
			children = (
				CCD68AF128327500006742AF /* Cell */,
				CC9A33E2283257FA003C3AA0 /* MainViewController.swift */,
				CCD68AF22832768B006742AF /* MainPresenter.swift */,
				CCD68AF42832769E006742AF /* MainInteractor.swift */,
				CCD68AF6283276B2006742AF /* MainRouter.swift */,
				CCD68AF8283277F7006742AF /* MainConfigurator.swift */,
			);
			path = MainModule;
			sourceTree = "<group>";
		};
		CC9A33F328325AC8003C3AA0 /* SupportFiles */ = {
			isa = PBXGroup;
			children = (
				CC9A33DE283257FA003C3AA0 /* AppDelegate.swift */,
				CC9A33E0283257FA003C3AA0 /* SceneDelegate.swift */,
				CC9A33EC28325801003C3AA0 /* Info.plist */,
			);
			path = SupportFiles;
			sourceTree = "<group>";
		};
		CC9A33F428325B5C003C3AA0 /* Resources */ = {
			isa = PBXGroup;
			children = (
				CC9A33E728325801003C3AA0 /* Assets.xcassets */,
			);
			path = Resources;
			sourceTree = "<group>";
		};
		CC9A33F528325BA5003C3AA0 /* Services */ = {
			isa = PBXGroup;
			children = (
				CCD68B132832AF8A006742AF /* StorageManager.swift */,
			);
			path = Services;
			sourceTree = "<group>";
		};
		CCD68AF0283274E0006742AF /* Models */ = {
			isa = PBXGroup;
			children = (
				CCD68AFA2832786A006742AF /* Game.swift */,
			);
			path = Models;
			sourceTree = "<group>";
		};
		CCD68AF128327500006742AF /* Cell */ = {
			isa = PBXGroup;
			children = (
			);
			path = Cell;
			sourceTree = "<group>";
		};
		CCD68AFC2832802D006742AF /* GameModule */ = {
			isa = PBXGroup;
			children = (
				CCD68B05283280B0006742AF /* Cell */,
				CCD68AFD28328055006742AF /* GameViewController.swift */,
				CCD68AFF28328070006742AF /* GamePresenter.swift */,
				CCD68B012832807D006742AF /* GameIneteractor.swift */,
				CCD68B032832809F006742AF /* GameConfigurator.swift */,
			);
			path = GameModule;
			sourceTree = "<group>";
		};
		CCD68B05283280B0006742AF /* Cell */ = {
			isa = PBXGroup;
			children = (
			);
			path = Cell;
			sourceTree = "<group>";
		};
		CCD68B06283282B7006742AF /* Extensions */ = {
			isa = PBXGroup;
			children = (
				CCD68B0728328303006742AF /* UIKit */,
			);
			path = Extensions;
			sourceTree = "<group>";
		};
		CCD68B0728328303006742AF /* UIKit */ = {
			isa = PBXGroup;
			children = (
				CCD68B0828328321006742AF /* StackView + Extensions.swift */,
				CCD68B0A28328347006742AF /* UIColor + Extensions.swift */,
				CCD68B0C28328369006742AF /* UIFont + Extension.swift */,
			);
			path = UIKit;
			sourceTree = "<group>";
		};
/* End PBXGroup section */

/* Begin PBXNativeTarget section */
		CC9A33DA283257FA003C3AA0 /* 4ra First */ = {
			isa = PBXNativeTarget;
			buildConfigurationList = CC9A33EF28325801003C3AA0 /* Build configuration list for PBXNativeTarget "4ra First" */;
			buildPhases = (
				CC9A33D7283257FA003C3AA0 /* Sources */,
				CC9A33D8283257FA003C3AA0 /* Frameworks */,
				CC9A33D9283257FA003C3AA0 /* Resources */,
			);
			buildRules = (
			);
			dependencies = (
			);
			name = "4ra First";
			packageProductDependencies = (
				CCD68B0F28329F25006742AF /* Realm */,
				CCD68B1128329F25006742AF /* RealmSwift */,
			);
			productName = "4ra First";
			productReference = CC9A33DB283257FA003C3AA0 /* 4ra First.app */;
			productType = "com.apple.product-type.application";
		};
/* End PBXNativeTarget section */

/* Begin PBXProject section */
		CC9A33D3283257F9003C3AA0 /* Project object */ = {
			isa = PBXProject;
			attributes = {
				BuildIndependentTargetsInParallel = 1;
				LastSwiftUpdateCheck = 1330;
				LastUpgradeCheck = 1330;
				TargetAttributes = {
					CC9A33DA283257FA003C3AA0 = {
						CreatedOnToolsVersion = 13.3;
					};
				};
			};
			buildConfigurationList = CC9A33D6283257F9003C3AA0 /* Build configuration list for PBXProject "4ra First" */;
			compatibilityVersion = "Xcode 13.0";
			developmentRegion = en;
			hasScannedForEncodings = 0;
			knownRegions = (
				en,
				Base,
			);
			mainGroup = CC9A33D2283257F9003C3AA0;
			packageReferences = (
				CCD68B0E28329F25006742AF /* XCRemoteSwiftPackageReference "realm-swift" */,
			);
			productRefGroup = CC9A33DC283257FA003C3AA0 /* Products */;
			projectDirPath = "";
			projectRoot = "";
			targets = (
				CC9A33DA283257FA003C3AA0 /* 4ra First */,
			);
		};
/* End PBXProject section */

/* Begin PBXResourcesBuildPhase section */
		CC9A33D9283257FA003C3AA0 /* Resources */ = {
			isa = PBXResourcesBuildPhase;
			buildActionMask = 2147483647;
			files = (
				CC9A33E828325801003C3AA0 /* Assets.xcassets in Resources */,
			);
			runOnlyForDeploymentPostprocessing = 0;
		};
/* End PBXResourcesBuildPhase section */

/* Begin PBXSourcesBuildPhase section */
		CC9A33D7283257FA003C3AA0 /* Sources */ = {
			isa = PBXSourcesBuildPhase;
			buildActionMask = 2147483647;
			files = (
				CCD68B0D28328369006742AF /* UIFont + Extension.swift in Sources */,
				CC9A33E3283257FA003C3AA0 /* MainViewController.swift in Sources */,
				CC9A33DF283257FA003C3AA0 /* AppDelegate.swift in Sources */,
				CCD68B042832809F006742AF /* GameConfigurator.swift in Sources */,
				CCD68B0B28328347006742AF /* UIColor + Extensions.swift in Sources */,
				CC9A33E1283257FA003C3AA0 /* SceneDelegate.swift in Sources */,
				CCD68AF52832769E006742AF /* MainInteractor.swift in Sources */,
				CCD68B022832807D006742AF /* GameIneteractor.swift in Sources */,
				CCD68AFE28328055006742AF /* GameViewController.swift in Sources */,
				CCD68AF9283277F7006742AF /* MainConfigurator.swift in Sources */,
				CCD68AF32832768B006742AF /* MainPresenter.swift in Sources */,
				CCD68AF7283276B2006742AF /* MainRouter.swift in Sources */,
				CCD68B0028328070006742AF /* GamePresenter.swift in Sources */,
				CCD68AFB2832786A006742AF /* Game.swift in Sources */,
				CCD68B0928328321006742AF /* StackView + Extensions.swift in Sources */,
				CCD68B142832AF8A006742AF /* StorageManager.swift in Sources */,
			);
			runOnlyForDeploymentPostprocessing = 0;
		};
/* End PBXSourcesBuildPhase section */

/* Begin XCBuildConfiguration section */
		CC9A33ED28325801003C3AA0 /* Debug */ = {
			isa = XCBuildConfiguration;
			buildSettings = {
				ALWAYS_SEARCH_USER_PATHS = NO;
				CLANG_ANALYZER_NONNULL = YES;
				CLANG_ANALYZER_NUMBER_OBJECT_CONVERSION = YES_AGGRESSIVE;
				CLANG_CXX_LANGUAGE_STANDARD = "gnu++17";
				CLANG_ENABLE_MODULES = YES;
				CLANG_ENABLE_OBJC_ARC = YES;
				CLANG_ENABLE_OBJC_WEAK = YES;
				CLANG_WARN_BLOCK_CAPTURE_AUTORELEASING = YES;
				CLANG_WARN_BOOL_CONVERSION = YES;
				CLANG_WARN_COMMA = YES;
				CLANG_WARN_CONSTANT_CONVERSION = YES;
				CLANG_WARN_DEPRECATED_OBJC_IMPLEMENTATIONS = YES;
				CLANG_WARN_DIRECT_OBJC_ISA_USAGE = YES_ERROR;
				CLANG_WARN_DOCUMENTATION_COMMENTS = YES;
				CLANG_WARN_EMPTY_BODY = YES;
				CLANG_WARN_ENUM_CONVERSION = YES;
				CLANG_WARN_INFINITE_RECURSION = YES;
				CLANG_WARN_INT_CONVERSION = YES;
				CLANG_WARN_NON_LITERAL_NULL_CONVERSION = YES;
				CLANG_WARN_OBJC_IMPLICIT_RETAIN_SELF = YES;
				CLANG_WARN_OBJC_LITERAL_CONVERSION = YES;
				CLANG_WARN_OBJC_ROOT_CLASS = YES_ERROR;
				CLANG_WARN_QUOTED_INCLUDE_IN_FRAMEWORK_HEADER = YES;
				CLANG_WARN_RANGE_LOOP_ANALYSIS = YES;
				CLANG_WARN_STRICT_PROTOTYPES = YES;
				CLANG_WARN_SUSPICIOUS_MOVE = YES;
				CLANG_WARN_UNGUARDED_AVAILABILITY = YES_AGGRESSIVE;
				CLANG_WARN_UNREACHABLE_CODE = YES;
				CLANG_WARN__DUPLICATE_METHOD_MATCH = YES;
				COPY_PHASE_STRIP = NO;
				DEBUG_INFORMATION_FORMAT = dwarf;
				ENABLE_STRICT_OBJC_MSGSEND = YES;
				ENABLE_TESTABILITY = YES;
				GCC_C_LANGUAGE_STANDARD = gnu11;
				GCC_DYNAMIC_NO_PIC = NO;
				GCC_NO_COMMON_BLOCKS = YES;
				GCC_OPTIMIZATION_LEVEL = 0;
				GCC_PREPROCESSOR_DEFINITIONS = (
					"DEBUG=1",
					"$(inherited)",
				);
				GCC_WARN_64_TO_32_BIT_CONVERSION = YES;
				GCC_WARN_ABOUT_RETURN_TYPE = YES_ERROR;
				GCC_WARN_UNDECLARED_SELECTOR = YES;
				GCC_WARN_UNINITIALIZED_AUTOS = YES_AGGRESSIVE;
				GCC_WARN_UNUSED_FUNCTION = YES;
				GCC_WARN_UNUSED_VARIABLE = YES;
				IPHONEOS_DEPLOYMENT_TARGET = 15.4;
				MTL_ENABLE_DEBUG_INFO = INCLUDE_SOURCE;
				MTL_FAST_MATH = YES;
				ONLY_ACTIVE_ARCH = YES;
				SDKROOT = iphoneos;
				SWIFT_ACTIVE_COMPILATION_CONDITIONS = DEBUG;
				SWIFT_OPTIMIZATION_LEVEL = "-Onone";
			};
			name = Debug;
		};
		CC9A33EE28325801003C3AA0 /* Release */ = {
			isa = XCBuildConfiguration;
			buildSettings = {
				ALWAYS_SEARCH_USER_PATHS = NO;
				CLANG_ANALYZER_NONNULL = YES;
				CLANG_ANALYZER_NUMBER_OBJECT_CONVERSION = YES_AGGRESSIVE;
				CLANG_CXX_LANGUAGE_STANDARD = "gnu++17";
				CLANG_ENABLE_MODULES = YES;
				CLANG_ENABLE_OBJC_ARC = YES;
				CLANG_ENABLE_OBJC_WEAK = YES;
				CLANG_WARN_BLOCK_CAPTURE_AUTORELEASING = YES;
				CLANG_WARN_BOOL_CONVERSION = YES;
				CLANG_WARN_COMMA = YES;
				CLANG_WARN_CONSTANT_CONVERSION = YES;
				CLANG_WARN_DEPRECATED_OBJC_IMPLEMENTATIONS = YES;
				CLANG_WARN_DIRECT_OBJC_ISA_USAGE = YES_ERROR;
				CLANG_WARN_DOCUMENTATION_COMMENTS = YES;
				CLANG_WARN_EMPTY_BODY = YES;
				CLANG_WARN_ENUM_CONVERSION = YES;
				CLANG_WARN_INFINITE_RECURSION = YES;
				CLANG_WARN_INT_CONVERSION = YES;
				CLANG_WARN_NON_LITERAL_NULL_CONVERSION = YES;
				CLANG_WARN_OBJC_IMPLICIT_RETAIN_SELF = YES;
				CLANG_WARN_OBJC_LITERAL_CONVERSION = YES;
				CLANG_WARN_OBJC_ROOT_CLASS = YES_ERROR;
				CLANG_WARN_QUOTED_INCLUDE_IN_FRAMEWORK_HEADER = YES;
				CLANG_WARN_RANGE_LOOP_ANALYSIS = YES;
				CLANG_WARN_STRICT_PROTOTYPES = YES;
				CLANG_WARN_SUSPICIOUS_MOVE = YES;
				CLANG_WARN_UNGUARDED_AVAILABILITY = YES_AGGRESSIVE;
				CLANG_WARN_UNREACHABLE_CODE = YES;
				CLANG_WARN__DUPLICATE_METHOD_MATCH = YES;
				COPY_PHASE_STRIP = NO;
				DEBUG_INFORMATION_FORMAT = "dwarf-with-dsym";
				ENABLE_NS_ASSERTIONS = NO;
				ENABLE_STRICT_OBJC_MSGSEND = YES;
				GCC_C_LANGUAGE_STANDARD = gnu11;
				GCC_NO_COMMON_BLOCKS = YES;
				GCC_WARN_64_TO_32_BIT_CONVERSION = YES;
				GCC_WARN_ABOUT_RETURN_TYPE = YES_ERROR;
				GCC_WARN_UNDECLARED_SELECTOR = YES;
				GCC_WARN_UNINITIALIZED_AUTOS = YES_AGGRESSIVE;
				GCC_WARN_UNUSED_FUNCTION = YES;
				GCC_WARN_UNUSED_VARIABLE = YES;
				IPHONEOS_DEPLOYMENT_TARGET = 15.4;
				MTL_ENABLE_DEBUG_INFO = NO;
				MTL_FAST_MATH = YES;
				SDKROOT = iphoneos;
				SWIFT_COMPILATION_MODE = wholemodule;
				SWIFT_OPTIMIZATION_LEVEL = "-O";
				VALIDATE_PRODUCT = YES;
			};
			name = Release;
		};
		CC9A33F028325801003C3AA0 /* Debug */ = {
			isa = XCBuildConfiguration;
			buildSettings = {
				ASSETCATALOG_COMPILER_APPICON_NAME = AppIcon;
				ASSETCATALOG_COMPILER_GLOBAL_ACCENT_COLOR_NAME = AccentColor;
				CODE_SIGN_STYLE = Automatic;
				CURRENT_PROJECT_VERSION = 1;
				GENERATE_INFOPLIST_FILE = YES;
				INFOPLIST_FILE = "4ra First/SupportFiles/Info.plist";
				INFOPLIST_KEY_UIApplicationSupportsIndirectInputEvents = YES;
				INFOPLIST_KEY_UILaunchStoryboardName = LaunchScreen;
				INFOPLIST_KEY_UISupportedInterfaceOrientations_iPad = "UIInterfaceOrientationPortrait UIInterfaceOrientationPortraitUpsideDown UIInterfaceOrientationLandscapeLeft UIInterfaceOrientationLandscapeRight";
				INFOPLIST_KEY_UISupportedInterfaceOrientations_iPhone = "UIInterfaceOrientationPortrait UIInterfaceOrientationLandscapeLeft UIInterfaceOrientationLandscapeRight";
				IPHONEOS_DEPLOYMENT_TARGET = 13.0;
				LD_RUNPATH_SEARCH_PATHS = (
					"$(inherited)",
					"@executable_path/Frameworks",
				);
				MARKETING_VERSION = 1.0;
				PRODUCT_BUNDLE_IDENTIFIER = "com.fora.-ra-First";
				PRODUCT_NAME = "$(TARGET_NAME)";
				SWIFT_EMIT_LOC_STRINGS = YES;
				SWIFT_VERSION = 5.0;
				TARGETED_DEVICE_FAMILY = 1;
			};
			name = Debug;
		};
		CC9A33F128325801003C3AA0 /* Release */ = {
			isa = XCBuildConfiguration;
			buildSettings = {
				ASSETCATALOG_COMPILER_APPICON_NAME = AppIcon;
				ASSETCATALOG_COMPILER_GLOBAL_ACCENT_COLOR_NAME = AccentColor;
				CODE_SIGN_STYLE = Automatic;
				CURRENT_PROJECT_VERSION = 1;
				GENERATE_INFOPLIST_FILE = YES;
				INFOPLIST_FILE = "4ra First/SupportFiles/Info.plist";
				INFOPLIST_KEY_UIApplicationSupportsIndirectInputEvents = YES;
				INFOPLIST_KEY_UILaunchStoryboardName = LaunchScreen;
				INFOPLIST_KEY_UISupportedInterfaceOrientations_iPad = "UIInterfaceOrientationPortrait UIInterfaceOrientationPortraitUpsideDown UIInterfaceOrientationLandscapeLeft UIInterfaceOrientationLandscapeRight";
				INFOPLIST_KEY_UISupportedInterfaceOrientations_iPhone = "UIInterfaceOrientationPortrait UIInterfaceOrientationLandscapeLeft UIInterfaceOrientationLandscapeRight";
				IPHONEOS_DEPLOYMENT_TARGET = 13.0;
				LD_RUNPATH_SEARCH_PATHS = (
					"$(inherited)",
					"@executable_path/Frameworks",
				);
				MARKETING_VERSION = 1.0;
				PRODUCT_BUNDLE_IDENTIFIER = "com.fora.-ra-First";
				PRODUCT_NAME = "$(TARGET_NAME)";
				SWIFT_EMIT_LOC_STRINGS = YES;
				SWIFT_VERSION = 5.0;
				TARGETED_DEVICE_FAMILY = 1;
			};
			name = Release;
		};
/* End XCBuildConfiguration section */

/* Begin XCConfigurationList section */
		CC9A33D6283257F9003C3AA0 /* Build configuration list for PBXProject "4ra First" */ = {
			isa = XCConfigurationList;
			buildConfigurations = (
				CC9A33ED28325801003C3AA0 /* Debug */,
				CC9A33EE28325801003C3AA0 /* Release */,
			);
			defaultConfigurationIsVisible = 0;
			defaultConfigurationName = Release;
		};
		CC9A33EF28325801003C3AA0 /* Build configuration list for PBXNativeTarget "4ra First" */ = {
			isa = XCConfigurationList;
			buildConfigurations = (
				CC9A33F028325801003C3AA0 /* Debug */,
				CC9A33F128325801003C3AA0 /* Release */,
			);
			defaultConfigurationIsVisible = 0;
			defaultConfigurationName = Release;
		};
/* End XCConfigurationList section */

/* Begin XCRemoteSwiftPackageReference section */
		CCD68B0E28329F25006742AF /* XCRemoteSwiftPackageReference "realm-swift" */ = {
			isa = XCRemoteSwiftPackageReference;
			repositoryURL = "https://github.com/realm/realm-swift.git";
			requirement = {
				branch = master;
				kind = branch;
			};
		};
/* End XCRemoteSwiftPackageReference section */

/* Begin XCSwiftPackageProductDependency section */
		CCD68B0F28329F25006742AF /* Realm */ = {
			isa = XCSwiftPackageProductDependency;
			package = CCD68B0E28329F25006742AF /* XCRemoteSwiftPackageReference "realm-swift" */;
			productName = Realm;
		};
		CCD68B1128329F25006742AF /* RealmSwift */ = {
			isa = XCSwiftPackageProductDependency;
			package = CCD68B0E28329F25006742AF /* XCRemoteSwiftPackageReference "realm-swift" */;
			productName = RealmSwift;
		};
/* End XCSwiftPackageProductDependency section */
	};
	rootObject = CC9A33D3283257F9003C3AA0 /* Project object */;
}
